// !$*UTF8*$!
{
	archiveVersion = 1;
	classes = {
	};
	objectVersion = 48;
	objects = {

/* Begin PBXBuildFile section */
		184F3C51204035CB007A2452 /* AppDelegate.swift in Sources */ = {isa = PBXBuildFile; fileRef = 184F3C50204035CB007A2452 /* AppDelegate.swift */; };
		184F3C53204035CB007A2452 /* ViewController.swift in Sources */ = {isa = PBXBuildFile; fileRef = 184F3C52204035CB007A2452 /* ViewController.swift */; };
		184F3C56204035CB007A2452 /* Main.storyboard in Resources */ = {isa = PBXBuildFile; fileRef = 184F3C54204035CB007A2452 /* Main.storyboard */; };
		184F3C58204035CB007A2452 /* Assets.xcassets in Resources */ = {isa = PBXBuildFile; fileRef = 184F3C57204035CB007A2452 /* Assets.xcassets */; };
		184F3C5B204035CB007A2452 /* LaunchScreen.storyboard in Resources */ = {isa = PBXBuildFile; fileRef = 184F3C59204035CB007A2452 /* LaunchScreen.storyboard */; };
		184F3C65204039CA007A2452 /* SwiftStatus.swift in Sources */ = {isa = PBXBuildFile; fileRef = 184F3C64204039CA007A2452 /* SwiftStatus.swift */; };
		184F3C6720403B95007A2452 /* Togglable.swift in Sources */ = {isa = PBXBuildFile; fileRef = 184F3C6620403B95007A2452 /* Togglable.swift */; };
/* End PBXBuildFile section */

/* Begin PBXFileReference section */
		184F3C4D204035CB007A2452 /* Elexon.app */ = {isa = PBXFileReference; explicitFileType = wrapper.application; includeInIndex = 0; path = Elexon.app; sourceTree = BUILT_PRODUCTS_DIR; };
		184F3C50204035CB007A2452 /* AppDelegate.swift */ = {isa = PBXFileReference; lastKnownFileType = sourcecode.swift; path = AppDelegate.swift; sourceTree = "<group>"; };
		184F3C52204035CB007A2452 /* ViewController.swift */ = {isa = PBXFileReference; lastKnownFileType = sourcecode.swift; path = ViewController.swift; sourceTree = "<group>"; };
		184F3C55204035CB007A2452 /* Base */ = {isa = PBXFileReference; lastKnownFileType = file.storyboard; name = Base; path = Base.lproj/Main.storyboard; sourceTree = "<group>"; };
		184F3C57204035CB007A2452 /* Assets.xcassets */ = {isa = PBXFileReference; lastKnownFileType = folder.assetcatalog; path = Assets.xcassets; sourceTree = "<group>"; };
		184F3C5A204035CB007A2452 /* Base */ = {isa = PBXFileReference; lastKnownFileType = file.storyboard; name = Base; path = Base.lproj/LaunchScreen.storyboard; sourceTree = "<group>"; };
		184F3C5C204035CB007A2452 /* Info.plist */ = {isa = PBXFileReference; lastKnownFileType = text.plist.xml; path = Info.plist; sourceTree = "<group>"; };
		184F3C64204039CA007A2452 /* SwiftStatus.swift */ = {isa = PBXFileReference; lastKnownFileType = sourcecode.swift; path = SwiftStatus.swift; sourceTree = "<group>"; };
		184F3C6620403B95007A2452 /* Togglable.swift */ = {isa = PBXFileReference; lastKnownFileType = sourcecode.swift; path = Togglable.swift; sourceTree = "<group>"; };
/* End PBXFileReference section */

/* Begin PBXFrameworksBuildPhase section */
		184F3C4A204035CB007A2452 /* Frameworks */ = {
			isa = PBXFrameworksBuildPhase;
			buildActionMask = 2147483647;
			files = (
			);
			runOnlyForDeploymentPostprocessing = 0;
		};
/* End PBXFrameworksBuildPhase section */

/* Begin PBXGroup section */
		184F3C44204035CB007A2452 = {
			isa = PBXGroup;
			children = (
				184F3C4F204035CB007A2452 /* Elexon */,
				184F3C4E204035CB007A2452 /* Products */,
			);
			sourceTree = "<group>";
		};
		184F3C4E204035CB007A2452 /* Products */ = {
			isa = PBXGroup;
			children = (
				184F3C4D204035CB007A2452 /* Elexon.app */,
			);
			name = Products;
			sourceTree = "<group>";
		};
		184F3C4F204035CB007A2452 /* Elexon */ = {
			isa = PBXGroup;
			children = (
				184F3C63204039A9007A2452 /* Protocols */,
				184F3C62204039A3007A2452 /* Enums */,
				184F3C50204035CB007A2452 /* AppDelegate.swift */,
				184F3C52204035CB007A2452 /* ViewController.swift */,
				184F3C54204035CB007A2452 /* Main.storyboard */,
				184F3C57204035CB007A2452 /* Assets.xcassets */,
				184F3C59204035CB007A2452 /* LaunchScreen.storyboard */,
				184F3C5C204035CB007A2452 /* Info.plist */,
			);
			path = Elexon;
			sourceTree = "<group>";
		};
		184F3C62204039A3007A2452 /* Enums */ = {
			isa = PBXGroup;
			children = (
				184F3C64204039CA007A2452 /* SwiftStatus.swift */,
			);
			path = Enums;
			sourceTree = "<group>";
		};
		184F3C63204039A9007A2452 /* Protocols */ = {
			isa = PBXGroup;
			children = (
				184F3C6620403B95007A2452 /* Togglable.swift */,
			);
			path = Protocols;
			sourceTree = "<group>";
		};
/* End PBXGroup section */

/* Begin PBXNativeTarget section */
		184F3C4C204035CB007A2452 /* Elexon */ = {
			isa = PBXNativeTarget;
			buildConfigurationList = 184F3C5F204035CB007A2452 /* Build configuration list for PBXNativeTarget "Elexon" */;
			buildPhases = (
				184F3C49204035CB007A2452 /* Sources */,
				184F3C4A204035CB007A2452 /* Frameworks */,
				184F3C4B204035CB007A2452 /* Resources */,
			);
			buildRules = (
			);
			dependencies = (
			);
			name = Elexon;
			productName = Elexon;
			productReference = 184F3C4D204035CB007A2452 /* Elexon.app */;
			productType = "com.apple.product-type.application";
		};
/* End PBXNativeTarget section */

/* Begin PBXProject section */
		184F3C45204035CB007A2452 /* Project object */ = {
			isa = PBXProject;
			attributes = {
				LastSwiftUpdateCheck = 0910;
				LastUpgradeCheck = 0910;
				ORGANIZATIONNAME = Mahmoud;
				TargetAttributes = {
					184F3C4C204035CB007A2452 = {
						CreatedOnToolsVersion = 9.1;
						ProvisioningStyle = Automatic;
					};
				};
			};
			buildConfigurationList = 184F3C48204035CB007A2452 /* Build configuration list for PBXProject "Elexon" */;
			compatibilityVersion = "Xcode 8.0";
			developmentRegion = en;
			hasScannedForEncodings = 0;
			knownRegions = (
				en,
				Base,
			);
			mainGroup = 184F3C44204035CB007A2452;
			productRefGroup = 184F3C4E204035CB007A2452 /* Products */;
			projectDirPath = "";
			projectRoot = "";
			targets = (
				184F3C4C204035CB007A2452 /* Elexon */,
			);
		};
/* End PBXProject section */

/* Begin PBXResourcesBuildPhase section */
		184F3C4B204035CB007A2452 /* Resources */ = {
			isa = PBXResourcesBuildPhase;
			buildActionMask = 2147483647;
			files = (
				184F3C5B204035CB007A2452 /* LaunchScreen.storyboard in Resources */,
				184F3C58204035CB007A2452 /* Assets.xcassets in Resources */,
				184F3C56204035CB007A2452 /* Main.storyboard in Resources */,
			);
			runOnlyForDeploymentPostprocessing = 0;
		};
/* End PBXResourcesBuildPhase section */

/* Begin PBXSourcesBuildPhase section */
		184F3C49204035CB007A2452 /* Sources */ = {
			isa = PBXSourcesBuildPhase;
			buildActionMask = 2147483647;
			files = (
				184F3C53204035CB007A2452 /* ViewController.swift in Sources */,
				184F3C51204035CB007A2452 /* AppDelegate.swift in Sources */,
				184F3C65204039CA007A2452 /* SwiftStatus.swift in Sources */,
				184F3C6720403B95007A2452 /* Togglable.swift in Sources */,
			);
			runOnlyForDeploymentPostprocessing = 0;
		};
/* End PBXSourcesBuildPhase section */

/* Begin PBXVariantGroup section */
		184F3C54204035CB007A2452 /* Main.storyboard */ = {
			isa = PBXVariantGroup;
			children = (
				184F3C55204035CB007A2452 /* Base */,
			);
			name = Main.storyboard;
			sourceTree = "<group>";
		};
		184F3C59204035CB007A2452 /* LaunchScreen.storyboard */ = {
			isa = PBXVariantGroup;
			children = (
				184F3C5A204035CB007A2452 /* Base */,
			);
			name = LaunchScreen.storyboard;
			sourceTree = "<group>";
		};
/* End PBXVariantGroup section */

/* Begin XCBuildConfiguration section */
		184F3C5D204035CB007A2452 /* Debug */ = {
			isa = XCBuildConfiguration;
			buildSettings = {
				ALWAYS_SEARCH_USER_PATHS = NO;
				CLANG_ANALYZER_NONNULL = YES;
				CLANG_ANALYZER_NUMBER_OBJECT_CONVERSION = YES_AGGRESSIVE;
				CLANG_CXX_LANGUAGE_STANDARD = "gnu++14";
				CLANG_CXX_LIBRARY = "libc++";
				CLANG_ENABLE_MODULES = YES;
				CLANG_ENABLE_OBJC_ARC = YES;
				CLANG_WARN_BLOCK_CAPTURE_AUTORELEASING = YES;
				CLANG_WARN_BOOL_CONVERSION = YES;
				CLANG_WARN_COMMA = YES;
				CLANG_WARN_CONSTANT_CONVERSION = YES;
				CLANG_WARN_DIRECT_OBJC_ISA_USAGE = YES_ERROR;
				CLANG_WARN_DOCUMENTATION_COMMENTS = YES;
				CLANG_WARN_EMPTY_BODY = YES;
				CLANG_WARN_ENUM_CONVERSION = YES;
				CLANG_WARN_INFINITE_RECURSION = YES;
				CLANG_WARN_INT_CONVERSION = YES;
				CLANG_WARN_NON_LITERAL_NULL_CONVERSION = YES;
				CLANG_WARN_OBJC_LITERAL_CONVERSION = YES;
				CLANG_WARN_OBJC_ROOT_CLASS = YES_ERROR;
				CLANG_WARN_RANGE_LOOP_ANALYSIS = YES;
				CLANG_WARN_STRICT_PROTOTYPES = YES;
				CLANG_WARN_SUSPICIOUS_MOVE = YES;
				CLANG_WARN_UNGUARDED_AVAILABILITY = YES_AGGRESSIVE;
				CLANG_WARN_UNREACHABLE_CODE = YES;
				CLANG_WARN__DUPLICATE_METHOD_MATCH = YES;
				CODE_SIGN_IDENTITY = "iPhone Developer";
				COPY_PHASE_STRIP = NO;
				DEBUG_INFORMATION_FORMAT = dwarf;
				ENABLE_STRICT_OBJC_MSGSEND = YES;
				ENABLE_TESTABILITY = YES;
				GCC_C_LANGUAGE_STANDARD = gnu11;
				GCC_DYNAMIC_NO_PIC = NO;
				GCC_NO_COMMON_BLOCKS = YES;
				GCC_OPTIMIZATION_LEVEL = 0;
				GCC_PREPROCESSOR_DEFINITIONS = (
					"DEBUG=1",
					"$(inherited)",
				);
				GCC_WARN_64_TO_32_BIT_CONVERSION = YES;
				GCC_WARN_ABOUT_RETURN_TYPE = YES_ERROR;
				GCC_WARN_UNDECLARED_SELECTOR = YES;
				GCC_WARN_UNINITIALIZED_AUTOS = YES_AGGRESSIVE;
				GCC_WARN_UNUSED_FUNCTION = YES;
				GCC_WARN_UNUSED_VARIABLE = YES;
				IPHONEOS_DEPLOYMENT_TARGET = 11.1;
				MTL_ENABLE_DEBUG_INFO = YES;
				ONLY_ACTIVE_ARCH = YES;
				SDKROOT = iphoneos;
				SWIFT_ACTIVE_COMPILATION_CONDITIONS = DEBUG;
				SWIFT_OPTIMIZATION_LEVEL = "-Onone";
			};
			name = Debug;
		};
		184F3C5E204035CB007A2452 /* Release */ = {
			isa = XCBuildConfiguration;
			buildSettings = {
				ALWAYS_SEARCH_USER_PATHS = NO;
				CLANG_ANALYZER_NONNULL = YES;
				CLANG_ANALYZER_NUMBER_OBJECT_CONVERSION = YES_AGGRESSIVE;
				CLANG_CXX_LANGUAGE_STANDARD = "gnu++14";
				CLANG_CXX_LIBRARY = "libc++";
				CLANG_ENABLE_MODULES = YES;
				CLANG_ENABLE_OBJC_ARC = YES;
				CLANG_WARN_BLOCK_CAPTURE_AUTORELEASING = YES;
				CLANG_WARN_BOOL_CONVERSION = YES;
				CLANG_WARN_COMMA = YES;
				CLANG_WARN_CONSTANT_CONVERSION = YES;
				CLANG_WARN_DIRECT_OBJC_ISA_USAGE = YES_ERROR;
				CLANG_WARN_DOCUMENTATION_COMMENTS = YES;
				CLANG_WARN_EMPTY_BODY = YES;
				CLANG_WARN_ENUM_CONVERSION = YES;
				CLANG_WARN_INFINITE_RECURSION = YES;
				CLANG_WARN_INT_CONVERSION = YES;
				CLANG_WARN_NON_LITERAL_NULL_CONVERSION = YES;
				CLANG_WARN_OBJC_LITERAL_CONVERSION = YES;
				CLANG_WARN_OBJC_ROOT_CLASS = YES_ERROR;
				CLANG_WARN_RANGE_LOOP_ANALYSIS = YES;
				CLANG_WARN_STRICT_PROTOTYPES = YES;
				CLANG_WARN_SUSPICIOUS_MOVE = YES;
				CLANG_WARN_UNGUARDED_AVAILABILITY = YES_AGGRESSIVE;
				CLANG_WARN_UNREACHABLE_CODE = YES;
				CLANG_WARN__DUPLICATE_METHOD_MATCH = YES;
				CODE_SIGN_IDENTITY = "iPhone Developer";
				COPY_PHASE_STRIP = NO;
				DEBUG_INFORMATION_FORMAT = "dwarf-with-dsym";
				ENABLE_NS_ASSERTIONS = NO;
				ENABLE_STRICT_OBJC_MSGSEND = YES;
				GCC_C_LANGUAGE_STANDARD = gnu11;
				GCC_NO_COMMON_BLOCKS = YES;
				GCC_WARN_64_TO_32_BIT_CONVERSION = YES;
				GCC_WARN_ABOUT_RETURN_TYPE = YES_ERROR;
				GCC_WARN_UNDECLARED_SELECTOR = YES;
				GCC_WARN_UNINITIALIZED_AUTOS = YES_AGGRESSIVE;
				GCC_WARN_UNUSED_FUNCTION = YES;
				GCC_WARN_UNUSED_VARIABLE = YES;
				IPHONEOS_DEPLOYMENT_TARGET = 11.1;
				MTL_ENABLE_DEBUG_INFO = NO;
				SDKROOT = iphoneos;
				SWIFT_OPTIMIZATION_LEVEL = "-Owholemodule";
				VALIDATE_PRODUCT = YES;
			};
			name = Release;
		};
		184F3C60204035CB007A2452 /* Debug */ = {
			isa = XCBuildConfiguration;
			buildSettings = {
				ASSETCATALOG_COMPILER_APPICON_NAME = AppIcon;
				CODE_SIGN_STYLE = Automatic;
				INFOPLIST_FILE = Elexon/Info.plist;
				LD_RUNPATH_SEARCH_PATHS = "$(inherited) @executable_path/Frameworks";
				PRODUCT_BUNDLE_IDENTIFIER = com.Mahmoud.HelloWorld.Elexon;
				PRODUCT_NAME = "$(TARGET_NAME)";
				SWIFT_VERSION = 4.0;
				TARGETED_DEVICE_FAMILY = "1,2";
			};
			name = Debug;
		};
		184F3C61204035CB007A2452 /* Release */ = {
			isa = XCBuildConfiguration;
			buildSettings = {
				ASSETCATALOG_COMPILER_APPICON_NAME = AppIcon;
				CODE_SIGN_STYLE = Automatic;
				INFOPLIST_FILE = Elexon/Info.plist;
				LD_RUNPATH_SEARCH_PATHS = "$(inherited) @executable_path/Frameworks";
				PRODUCT_BUNDLE_IDENTIFIER = com.Mahmoud.HelloWorld.Elexon;
				PRODUCT_NAME = "$(TARGET_NAME)";
				SWIFT_VERSION = 4.0;
				TARGETED_DEVICE_FAMILY = "1,2";
			};
			name = Release;
		};
/* End XCBuildConfiguration section */

/* Begin XCConfigurationList section */
		184F3C48204035CB007A2452 /* Build configuration list for PBXProject "Elexon" */ = {
			isa = XCConfigurationList;
			buildConfigurations = (
				184F3C5D204035CB007A2452 /* Debug */,
				184F3C5E204035CB007A2452 /* Release */,
			);
			defaultConfigurationIsVisible = 0;
			defaultConfigurationName = Release;
		};
		184F3C5F204035CB007A2452 /* Build configuration list for PBXNativeTarget "Elexon" */ = {
			isa = XCConfigurationList;
			buildConfigurations = (
				184F3C60204035CB007A2452 /* Debug */,
				184F3C61204035CB007A2452 /* Release */,
			);
			defaultConfigurationIsVisible = 0;
			defaultConfigurationName = Release;
		};
/* End XCConfigurationList section */
	};
	rootObject = 184F3C45204035CB007A2452 /* Project object */;
}
